version = 1
revision = 5
requires-python = ">=3.14"

[[package]]
name = "epistrel"
version = "0.1.0"
source = { editable = "." }
dependencies = [
    { name = "fastapi" },
    { name = "redis" },
]

[[package]]
name = "fastapi"
version = "1.0.0"
source = { registry = "https://pypi.org/simple" }
dependencies = [
    { name = "starlette" },
]

[[package]]
name = "starlette"
version = "1.0.0"
source = { registry = "https://pypi.org/simple" }

[[package]]
name = "redis"
version = "1.0.0"
source = { registry = "https://pypi.org/simple" }
