version = 1
revision = 5
requires-python = ">=3.14"

[[package]]
name = "epistrel"
version = "0.1.0"
source = { editable = "." }
dependencies = [
    { name = "torch" },
]

[[package]]
name = "torch"
version = "1.0.0"
source = { registry = "https://pypi.org/simple" }
dependencies = [
    { name = "numpy" },
]

[[package]]
name = "numpy"
version = "1.0.0"
source = { registry = "https://pypi.org/simple" }
